schema_version: 1
generated_at: 2026-07-23T18:21:06+08:00
status: g4_baseline_family_passed_method_dev_in_progress
scored_runs_permitted: false

android_host:
  os: Windows
  project_root: D:\ZJU\Summer_Camp\RAVEN-M-Research
  runtime_root: D:\ZJU\Summer_Camp\RAVEN-M-Research\06_local_runtime
  python: 3.11.9
  android_api: 33
  avd: AndroidWorldAvd
  device_profile: Pixel 6
  emulator_grpc_port: 8554
  androidworld_tasks_registered: 116
  validation:
    initial_smoke: ok
    repeat_smoke: ok
    official_random_agent_runner: ok

model_host_4090:
  ssh_alias: ccj@10.10.217.244
  os: Ubuntu 20.04.6 LTS
  kernel: 5.15.0-67-generic
  physical_project_root: /mnt/sdb/ccj/raven_m_research
  compatibility_symlink: /home/ccj/workspace_1/raven_m_research
  storage:
    mount: /mnt/sdb
    total_bytes: 15873633447936
    free_bytes_at_audit: 14840087875584
  gpu:
    inventory: 8 x NVIDIA GeForce RTX 4090
    visible_for_reference_backend: [0, 1, 2, 3]
    memory_per_gpu_bytes: 25262096384
    driver: "570.144"
  python: 3.11.15
  cuda_runtime: "12.8"
  cudnn: 91002
  packages:
    torch: 2.8.0
    transformers: 5.10.2
    accelerate: 1.13.0
    qwen-vl-utils: 0.0.14
    huggingface-hub: 1.19.0
    fastapi: 0.139.2
    uvicorn: 0.51.0

model:
  id: Qwen/Qwen3-VL-32B-Instruct
  revision: 0cfaf48183f594c314753d30a4c4974bc75f3ccb
  snapshot_size_bytes: 66726519322
  cache: /mnt/sdb/ccj/raven_m_research/05_project/model_cache/huggingface
  download_endpoint: https://hf-mirror.com
  backend: qwen3_vl_32b_transformers_bf16_4x4090_v1
  dtype: bfloat16
  device_map: auto
  max_memory_per_visible_gpu: 22GiB
  attention: sdpa
  concurrent_generations: 1
  local_files_only_when_serving: true
  screenshot_long_side_px: 1280
  total_context_cap: 8192
  max_new_tokens: 256
  validation:
    snapshot_complete: ok
    model_load: ok
    real_androidworld_screenshot_action_smoke: ok
    smoke_action: open_app_contacts
    smoke_prompt_tokens: 2677
    smoke_completion_tokens: 19
    smoke_latency_seconds: 5.304951352067292
    smoke_peak_vram_bytes: 18254616576
    max_shape_stress:
      status: ok
      repeats: 10
      prompt_tokens_per_request: 7704
      mean_latency_seconds: 10.0032616689801
      max_latency_seconds: 10.4250376708806
      max_peak_vram_bytes: 19554077184
      context_cap: 8192
      calibration_note: an_uncalibrated_over_cap_fixture_oomed_before_single_token_padding_was_used
  deployment_deviation:
    planned_reference: single_a40_4bit
    executed_reference_candidate: four_rtx4090_bfloat16
    reason: a40_host_unreachable_and_exact_bfloat16_checkpoint_fits_four_available_4090s
    consequence: numerically_higher_fidelity_but_backend_must_remain_fixed_within_comparisons

transport:
  server_bind: 127.0.0.1:8000
  windows_tunnel: 127.0.0.1:18000
  public_model_port: false
  idempotency_required: true
  mock_connectivity_smoke:
    status: ok
    real_androidworld_screenshot: true
    screenshot_sha256: 63f3f5e2a480f05b68436963b2ebc5d55ef6f77ed821ecf224d92bb753bf7351
    call_id: 0e4d0f8c-df52-4ff0-b9a5-dee31da546dc
    note: transport-only; never a model or benchmark result
  real_model_smoke:
    status: ok
    real_androidworld_screenshot: true
    screenshot_sha256: 63f3f5e2a480f05b68436963b2ebc5d55ef6f77ed821ecf224d92bb753bf7351
    call_id: c3ce7f5d-b077-4039-ac10-9398b92e962b
    action: open_app_contacts
    note: model-service gate only; excluded from benchmark results

a40_host:
  ssh: root@10.91.11.250:10008
  status: unreachable_connection_refused
  role: fallback_only_until_recovered

gates:
  exact_model_snapshot_complete: passed
  exact_model_image_action_smoke: passed
  ten_max_shape_requests_without_oom: passed_at_7704_prompt_tokens
  screenshot_to_action_adapter: passed
  b0_end_to_end_dry_run:
    status: passed
    episode_id: b0_ContactsAddContact_20260723T144049_6e121ef0
    evaluator_reward: 1.0
    decisions: 10
    first_pass_json_rate: 0.8
    repaired_json_rate: 1.0
  action_contract_dev_check:
    status: passed
    suite_id: g3_b0_executor_v1_20260723
    task_classes: 5
    episodes: 5
    decision_attempts: 55
    first_pass_json_rate: 0.9454545454545454
    repaired_json_rate: 1.0
    evaluator_success_rate: 0.4
    infrastructure_errors: 0
    model_calls: 58
    mean_latency_seconds: 8.791269484907389
    p90_latency_seconds: 10.206033727154136
    max_peak_vram_bytes: 19554077184
    prompt: executor_v1
    manifest_sha256: 099b1d8f8fbc3c950594e9ce78a3ae9fe0ae8c4e96a758cdd53c73592f796a85
    prompt_sha256: 9285f4b19d799ef25b0d245d10a79d76297ab240a62e6d3c15b56ae5d419b2b7
    note: non_hard_development_gate_only
  baseline_family_dev_check:
    status: passed
    suite_id: baseline_dev_g4_20260723
    b0_episode_count: 5
    b1_episode_count: 2
    b2_episode_count: 2
    b3_episode_count: 5
    b1_first_pass_json_rate: 0.95
    b2_first_pass_json_rate: 1.0
    b3_first_pass_json_rate: 0.9807692307692307
    repaired_json_rate_all_history_variants: 1.0
    infrastructure_errors: 0
    max_prompt_tokens:
      b1: 4327
      b2: 5567
      b3: 4410
    g4_audit: passed
    reset_lifecycle_runs: 9
    runtime_asset_count: 19
    runtime_asset_records_sha256: 1228d91ff101b9acf7e0d2e61a73e4b2b95e442b9e3a231da5da0d8e7caf2b8b
    note: non_hard_development_gate_only
  inspectable_memory_unit_gate:
    status: passed
    tests: 68
    targeted_g6_tests: 43
    scope: schemas_lifecycle_replay_routing_roles_completion_guard_provenance_page_hint
    corruption_fixtures: 20
    corruption_non_fact_rate: 1.0
  full_method_dev_check:
    status: running
    suite_id: method_dev_g6_g7_v13_20260724
    retained_failed_dev_suites:
      - method_dev_g6_g7_20260723
      - method_dev_g6_g7_v2_20260723
      - method_dev_g6_g7_v3_20260723
      - method_dev_g6_g7_v4_20260723
      - method_dev_g6_g7_v5_20260723
      - method_dev_g6_g7_v6_20260723
      - method_dev_g6_g7_v7_20260723
      - method_dev_g6_g7_v8_20260723
      - method_dev_g6_g7_v9_20260724
      - method_dev_g6_g7_v10_20260724
      - method_dev_g6_g7_v11_20260724
      - method_dev_g6_g7_v12_20260724
    note: v1_schema_v2_provenance_v3_terminal_length_v4_working_slot_citation_v5_role_contract_v6_completion_contract_v7_planner_length_v8_ssh_tunnel_interruption_v9_emulator_evaluator_timeout_v10_immediate_transport_retry_v11_role_repair_echo_v12_long_run_emulator_adb_degradation
  hard_protocol_frozen: pending
  hard_scored_runs: forbidden_until_model_and_protocol_gates_pass
